
Microsoft Visual Studio Solution File, Format Version 12.00
# Visual Studio Version 17
VisualStudioVersion = 17.3.32901.215
MinimumVisualStudioVersion = 10.0.40219.1
Project("{FAE04EC0-301F-11D3-BF4B-00C04F79EFBC}") = "Project_OOP.Core", "Core\Project_OOP.Core.csproj", "{0F7A5758-E22C-4903-9098-AF7CCBC8ED0D}"
EndProject
Project("{FAE04EC0-301F-11D3-BF4B-00C04F79EFBC}") = "Project_OOP.Repository", "Repository\Project_OOP.Repository.csproj", "{63BAF1A8-A9CF-4553-8990-C1957E008689}"
EndProject
Project("{FAE04EC0-301F-11D3-BF4B-00C04F79EFBC}") = "Project_OOP.Service", "Service\Project_OOP.Service.csproj", "{E3F4406E-5028-407A-937C-29E188690AB9}"
EndProject
Project("{FAE04EC0-301F-11D3-BF4B-00C04F79EFBC}") = "Project_OOP.API", "API\Project_OOP.API.csproj", "{576EA80F-7CC7-4F8D-BE6A-D9428CBB47C2}"
EndProject
Project("{FAE04EC0-301F-11D3-BF4B-00C04F79EFBC}") = "Project_OOP.Web", "Project_OOP.Web\Project_OOP.Web.csproj", "{055106C7-146D-4E3A-A5D0-36D515440FF4}"
EndProject
Project("{FAE04EC0-301F-11D3-BF4B-00C04F79EFBC}") = "Project_OOP.Caching", "Project_OOP.Caching\Project_OOP.Caching.csproj", "{F418B4B3-F757-4C6E-BD99-349F4F844CD5}"
EndProject
Global
	GlobalSection(SolutionConfigurationPlatforms) = preSolution
		Debug|Any CPU = Debug|Any CPU
		Release|Any CPU = Release|Any CPU
	EndGlobalSection
	GlobalSection(ProjectConfigurationPlatforms) = postSolution
		{0F7A5758-E22C-4903-9098-AF7CCBC8ED0D}.Debug|Any CPU.ActiveCfg = Debug|Any CPU
		{0F7A5758-E22C-4903-9098-AF7CCBC8ED0D}.Debug|Any CPU.Build.0 = Debug|Any CPU
		{0F7A5758-E22C-4903-9098-AF7CCBC8ED0D}.Release|Any CPU.ActiveCfg = Release|Any CPU
		{0F7A5758-E22C-4903-9098-AF7CCBC8ED0D}.Release|Any CPU.Build.0 = Release|Any CPU
		{63BAF1A8-A9CF-4553-8990-C1957E008689}.Debug|Any CPU.ActiveCfg = Debug|Any CPU
		{63BAF1A8-A9CF-4553-8990-C1957E008689}.Debug|Any CPU.Build.0 = Debug|Any CPU
		{63BAF1A8-A9CF-4553-8990-C1957E008689}.Release|Any CPU.ActiveCfg = Release|Any CPU
		{63BAF1A8-A9CF-4553-8990-C1957E008689}.Release|Any CPU.Build.0 = Release|Any CPU
		{E3F4406E-5028-407A-937C-29E188690AB9}.Debug|Any CPU.ActiveCfg = Debug|Any CPU
		{E3F4406E-5028-407A-937C-29E188690AB9}.Debug|Any CPU.Build.0 = Debug|Any CPU
		{E3F4406E-5028-407A-937C-29E188690AB9}.Release|Any CPU.ActiveCfg = Release|Any CPU
		{E3F4406E-5028-407A-937C-29E188690AB9}.Release|Any CPU.Build.0 = Release|Any CPU
		{576EA80F-7CC7-4F8D-BE6A-D9428CBB47C2}.Debug|Any CPU.ActiveCfg = Debug|Any CPU
		{576EA80F-7CC7-4F8D-BE6A-D9428CBB47C2}.Debug|Any CPU.Build.0 = Debug|Any CPU
		{576EA80F-7CC7-4F8D-BE6A-D9428CBB47C2}.Release|Any CPU.ActiveCfg = Release|Any CPU
		{576EA80F-7CC7-4F8D-BE6A-D9428CBB47C2}.Release|Any CPU.Build.0 = Release|Any CPU
		{055106C7-146D-4E3A-A5D0-36D515440FF4}.Debug|Any CPU.ActiveCfg = Debug|Any CPU
		{055106C7-146D-4E3A-A5D0-36D515440FF4}.Debug|Any CPU.Build.0 = Debug|Any CPU
		{055106C7-146D-4E3A-A5D0-36D515440FF4}.Release|Any CPU.ActiveCfg = Release|Any CPU
		{055106C7-146D-4E3A-A5D0-36D515440FF4}.Release|Any CPU.Build.0 = Release|Any CPU
		{F418B4B3-F757-4C6E-BD99-349F4F844CD5}.Debug|Any CPU.ActiveCfg = Debug|Any CPU
		{F418B4B3-F757-4C6E-BD99-349F4F844CD5}.Debug|Any CPU.Build.0 = Debug|Any CPU
		{F418B4B3-F757-4C6E-BD99-349F4F844CD5}.Release|Any CPU.ActiveCfg = Release|Any CPU
		{F418B4B3-F757-4C6E-BD99-349F4F844CD5}.Release|Any CPU.Build.0 = Release|Any CPU
	EndGlobalSection
	GlobalSection(SolutionProperties) = preSolution
		HideSolutionNode = FALSE
	EndGlobalSection
	GlobalSection(ExtensibilityGlobals) = postSolution
		SolutionGuid = {57F38B9A-4A70-4858-9EC0-816DDFA82A88}
	EndGlobalSection
EndGlobal
